PATH
  remote: .
  specs:
    scorn (0.4.1)
      base64
      ostruct
      webrick

GEM
  remote: https://rubygems.org/
  specs:
    base64 (0.3.0)
    colorato (1.1.0)
    diff-lcs (1.6.2)
    ostruct (0.6.3)
    probatio (1.6.2)
      colorato (~> 1.0)
      diff-lcs (~> 1.6)
      stringio
    stringio (3.2.0)
    webrick (1.9.2)

PLATFORMS
  ruby
  x86_64-openbsd-7.8

DEPENDENCIES
  probatio (~> 1.6)
  scorn!

BUNDLED WITH
   2.6.9
